
Microsoft Visual Studio Solution File, Format Version 12.00
# Visual Studio Version 17
VisualStudioVersion = 17.4.33205.214
MinimumVisualStudioVersion = 10.0.40219.1
Project("{8BC9CEB8-8B4A-11D0-8D11-00A0C91BC942}") = "Project1测试", "Project1测试\Project1测试.vcxproj", "{F561EDAF-A12A-4B63-B667-D62075F019FB}"
EndProject
Global
	GlobalSection(SolutionConfigurationPlatforms) = preSolution
		Debug|x64 = Debug|x64
		Debug|x86 = Debug|x86
		Release|x64 = Release|x64
		Release|x86 = Release|x86
	EndGlobalSection
	GlobalSection(ProjectConfigurationPlatforms) = postSolution
		{F561EDAF-A12A-4B63-B667-D62075F019FB}.Debug|x64.ActiveCfg = Debug|x64
		{F561EDAF-A12A-4B63-B667-D62075F019FB}.Debug|x64.Build.0 = Debug|x64
		{F561EDAF-A12A-4B63-B667-D62075F019FB}.Debug|x86.ActiveCfg = Debug|Win32
		{F561EDAF-A12A-4B63-B667-D62075F019FB}.Debug|x86.Build.0 = Debug|Win32
		{F561EDAF-A12A-4B63-B667-D62075F019FB}.Release|x64.ActiveCfg = Release|x64
		{F561EDAF-A12A-4B63-B667-D62075F019FB}.Release|x64.Build.0 = Release|x64
		{F561EDAF-A12A-4B63-B667-D62075F019FB}.Release|x86.ActiveCfg = Release|Win32
		{F561EDAF-A12A-4B63-B667-D62075F019FB}.Release|x86.Build.0 = Release|Win32
	EndGlobalSection
	GlobalSection(SolutionProperties) = preSolution
		HideSolutionNode = FALSE
	EndGlobalSection
	GlobalSection(ExtensibilityGlobals) = postSolution
		SolutionGuid = {7DE6805E-DBB6-45CC-AC2B-DC351C4DBD8F}
	EndGlobalSection
EndGlobal
